<?xml version="1.0" encoding="utf-8"?>
<Project ToolsVersion="4.0" xmlns="http://schemas.microsoft.com/developer/msbuild/2003">
  <ItemGroup>
    <Filter Include="win32">
      <UniqueIdentifier>{84a8ebd7-7cf0-47f6-b75e-d441df67da40}</UniqueIdentifier>
    </Filter>
    <Filter Include="resource">
      <UniqueIdentifier>{715254bc-d70b-4ec5-bf29-467dd3ace079}</UniqueIdentifier>
    </Filter>
    <Filter Include="src">
      <UniqueIdentifier>{bb6c862e-70e9-49d9-81b7-3829a6f50471}</UniqueIdentifier>
    </Filter>
    <Filter Include="src\Header">
      <UniqueIdentifier>{6bdfc07d-56a4-4663-b425-39d1680baebd}</UniqueIdentifier>
    </Filter>
    <Filter Include="src\cpp">
      <UniqueIdentifier>{d083bddb-9153-4d77-a245-072c2a618016}</UniqueIdentifier>
    </Filter>
    <Filter Include="src\Projectile">
      <UniqueIdentifier>{1c5317cb-8ae8-4152-ae26-679f2eecf916}</UniqueIdentifier>
    </Filter>
    <Filter Include="src\InputManager">
      <UniqueIdentifier>{ada97f4d-3681-468b-a62a-c8f9ccf88415}</UniqueIdentifier>
    </Filter>
  </ItemGroup>
  <ItemGroup>
    <ClCompile Include="main.cpp">
      <Filter>win32</Filter>
    </ClCompile>
    <ClCompile Include="..\Classes\AppDelegate.cpp">
      <Filter>src\cpp</Filter>
    </ClCompile>
    <ClCompile Include="..\Classes\HelloWorldScene.cpp">
      <Filter>src\cpp</Filter>
    </ClCompile>
    <ClCompile Include="..\Classes\Player.cpp">
      <Filter>src\cpp</Filter>
    </ClCompile>
    <ClCompile Include="..\Classes\Scene2.cpp">
      <Filter>src\cpp</Filter>
    </ClCompile>
    <ClCompile Include="..\Classes\SceneManager.cpp">
      <Filter>src\cpp</Filter>
    </ClCompile>
    <ClCompile Include="..\Classes\AnimationManager.cpp">
      <Filter>src\cpp</Filter>
    </ClCompile>
    <ClCompile Include="..\Classes\Enemy.cpp">
      <Filter>src\cpp</Filter>
    </ClCompile>
    <ClCompile Include="..\Classes\ProjectileManager.cpp">
      <Filter>src\cpp</Filter>
    </ClCompile>
    <ClCompile Include="..\Classes\PowerUp.cpp">
      <Filter>src\cpp</Filter>
    </ClCompile>
    <ClCompile Include="..\Classes\Wave.cpp">
      <Filter>src\cpp</Filter>
    </ClCompile>
    <ClCompile Include="..\Classes\WaveManager.cpp">
      <Filter>src\cpp</Filter>
    </ClCompile>
    <ClCompile Include="..\Classes\EnemyManager.cpp">
      <Filter>src\cpp</Filter>
    </ClCompile>
    <ClCompile Include="..\Classes\CollisionManager.cpp">
      <Filter>src\cpp</Filter>
    </ClCompile>
    <ClCompile Include="..\Classes\PowerUpManager.cpp">
      <Filter>src\cpp</Filter>
    </ClCompile>
    <ClCompile Include="..\Classes\PlayerManager.cpp">
      <Filter>src\cpp</Filter>
    </ClCompile>
    <ClCompile Include="..\Classes\Projectile\Projectile_45degree.cpp">
      <Filter>src\Projectile</Filter>
    </ClCompile>
    <ClCompile Include="..\Classes\Projectile\BaseProjectile.cpp">
      <Filter>src\Projectile</Filter>
    </ClCompile>
    <ClCompile Include="..\Classes\Shield.cpp">
      <Filter>src\cpp</Filter>
    </ClCompile>
    <ClCompile Include="..\Classes\ShieldManager.cpp">
      <Filter>src\cpp</Filter>
    </ClCompile>
    <ClCompile Include="..\Classes\Projectile\Projectile_tri_shot.cpp">
      <Filter>src\Projectile</Filter>
    </ClCompile>
    <ClCompile Include="..\Classes\EnemyBaseProjectile.cpp">
      <Filter>src\cpp</Filter>
    </ClCompile>
    <ClCompile Include="..\Classes\EnemyProjectileManager.cpp">
      <Filter>src\cpp</Filter>
    </ClCompile>
    <ClCompile Include="..\Classes\MasterManager.cpp">
      <Filter>src\cpp</Filter>
    </ClCompile>
    <ClCompile Include="..\Classes\GenericManager.cpp">
      <Filter>src\cpp</Filter>
    </ClCompile>
    <ClCompile Include="..\Classes\GenericScene.cpp">
      <Filter>src</Filter>
    </ClCompile>
  </ItemGroup>
  <ItemGroup>
    <ClInclude Include="main.h">
      <Filter>win32</Filter>
    </ClInclude>
    <ClInclude Include="..\Classes\AppDelegate.h">
      <Filter>src\Header</Filter>
    </ClInclude>
    <ClInclude Include="..\Classes\HelloWorldScene.h">
      <Filter>src\Header</Filter>
    </ClInclude>
    <ClInclude Include="..\Classes\Player.h">
      <Filter>src\Header</Filter>
    </ClInclude>
    <ClInclude Include="..\Classes\Scene2.h">
      <Filter>src\Header</Filter>
    </ClInclude>
    <ClInclude Include="..\Classes\SceneManager.h">
      <Filter>src\Header</Filter>
    </ClInclude>
    <ClInclude Include="..\Classes\AnimationManager.h">
      <Filter>src\Header</Filter>
    </ClInclude>
    <ClInclude Include="..\Classes\Enemy.h">
      <Filter>src\Header</Filter>
    </ClInclude>
    <ClInclude Include="..\Classes\ProjectileManager.h">
      <Filter>src\Header</Filter>
    </ClInclude>
    <ClInclude Include="..\Classes\PowerUp.h">
      <Filter>src\Header</Filter>
    </ClInclude>
    <ClInclude Include="..\Classes\Wave.h">
      <Filter>src\Header</Filter>
    </ClInclude>
    <ClInclude Include="..\Classes\WaveManager.h">
      <Filter>src\Header</Filter>
    </ClInclude>
    <ClInclude Include="..\Classes\EnemyManager.h">
      <Filter>src\Header</Filter>
    </ClInclude>
    <ClInclude Include="..\Classes\CollisionManager.h">
      <Filter>src\Header</Filter>
    </ClInclude>
    <ClInclude Include="..\Classes\PowerUpManager.h">
      <Filter>src\Header</Filter>
    </ClInclude>
    <ClInclude Include="..\Classes\PlayerManager.h">
      <Filter>src\Header</Filter>
    </ClInclude>
    <ClInclude Include="..\Classes\Projectile\Projectile_45degree.h">
      <Filter>src\Projectile</Filter>
    </ClInclude>
    <ClInclude Include="..\Classes\Projectile\BaseProjectile.h">
      <Filter>src\Projectile</Filter>
    </ClInclude>
    <ClInclude Include="..\Classes\Shield.h">
      <Filter>src\Header</Filter>
    </ClInclude>
    <ClInclude Include="..\Classes\ShieldManager.h">
      <Filter>src\Header</Filter>
    </ClInclude>
    <ClInclude Include="..\Classes\Projectile\Projectile_tri_shot.h">
      <Filter>src\Projectile</Filter>
    </ClInclude>
    <ClInclude Include="..\Classes\EnemyBaseProjectile.h">
      <Filter>src\Header</Filter>
    </ClInclude>
    <ClInclude Include="..\Classes\EnemyProjectileManager.h">
      <Filter>src\Header</Filter>
    </ClInclude>
    <ClInclude Include="..\Classes\MasterManager.h">
      <Filter>src\Header</Filter>
    </ClInclude>
    <ClInclude Include="..\Classes\GenericManager.h">
      <Filter>src\Header</Filter>
    </ClInclude>
    <ClInclude Include="..\Classes\ManagerMacro.h">
      <Filter>src</Filter>
    </ClInclude>
    <ClInclude Include="..\Classes\GenericScene.h">
      <Filter>src</Filter>
    </ClInclude>
  </ItemGroup>
  <ItemGroup>
    <ResourceCompile Include="game.rc">
      <Filter>resource</Filter>
    </ResourceCompile>
  </ItemGroup>
</Project>